
Microsoft Visual Studio Solution File, Format Version 12.00
# Visual Studio Version 17
VisualStudioVersion = 17.2.32516.85
MinimumVisualStudioVersion = 10.0.40219.1
Project("{FAE04EC0-301F-11D3-BF4B-00C04F79EFBC}") = "Metodos", "Metodos\Metodos.csproj", "{D5F71312-392E-4A94-97C8-B322F5EAF754}"
EndProject
Global
	GlobalSection(SolutionConfigurationPlatforms) = preSolution
		Debug|Any CPU = Debug|Any CPU
		Release|Any CPU = Release|Any CPU
	EndGlobalSection
	GlobalSection(ProjectConfigurationPlatforms) = postSolution
		{D5F71312-392E-4A94-97C8-B322F5EAF754}.Debug|Any CPU.ActiveCfg = Debug|Any CPU
		{D5F71312-392E-4A94-97C8-B322F5EAF754}.Debug|Any CPU.Build.0 = Debug|Any CPU
		{D5F71312-392E-4A94-97C8-B322F5EAF754}.Release|Any CPU.ActiveCfg = Release|Any CPU
		{D5F71312-392E-4A94-97C8-B322F5EAF754}.Release|Any CPU.Build.0 = Release|Any CPU
	EndGlobalSection
	GlobalSection(SolutionProperties) = preSolution
		HideSolutionNode = FALSE
	EndGlobalSection
	GlobalSection(ExtensibilityGlobals) = postSolution
		SolutionGuid = {506D1913-5045-492D-9EE3-15071183CFCC}
	EndGlobalSection
EndGlobal
