
Microsoft Visual Studio Solution File, Format Version 12.00
# Visual Studio Version 17
VisualStudioVersion = 17.2.32516.85
MinimumVisualStudioVersion = 10.0.40219.1
Project("{FAE04EC0-301F-11D3-BF4B-00C04F79EFBC}") = "Propiedades de Datos", "Propiedades de Datos\Propiedades de Datos.csproj", "{D38038B0-2261-48D8-BD2B-4F8A69A9BE1A}"
EndProject
Global
	GlobalSection(SolutionConfigurationPlatforms) = preSolution
		Debug|Any CPU = Debug|Any CPU
		Release|Any CPU = Release|Any CPU
	EndGlobalSection
	GlobalSection(ProjectConfigurationPlatforms) = postSolution
		{D38038B0-2261-48D8-BD2B-4F8A69A9BE1A}.Debug|Any CPU.ActiveCfg = Debug|Any CPU
		{D38038B0-2261-48D8-BD2B-4F8A69A9BE1A}.Debug|Any CPU.Build.0 = Debug|Any CPU
		{D38038B0-2261-48D8-BD2B-4F8A69A9BE1A}.Release|Any CPU.ActiveCfg = Release|Any CPU
		{D38038B0-2261-48D8-BD2B-4F8A69A9BE1A}.Release|Any CPU.Build.0 = Release|Any CPU
	EndGlobalSection
	GlobalSection(SolutionProperties) = preSolution
		HideSolutionNode = FALSE
	EndGlobalSection
	GlobalSection(ExtensibilityGlobals) = postSolution
		SolutionGuid = {DE6E6D93-5BC3-4506-8781-FB4CB3E08E5F}
	EndGlobalSection
EndGlobal
