
Microsoft Visual Studio Solution File, Format Version 12.00
# Visual Studio Version 17
VisualStudioVersion = 17.3.32929.385
MinimumVisualStudioVersion = 10.0.40219.1
Project("{FAE04EC0-301F-11D3-BF4B-00C04F79EFBC}") = "PictureBox Controlador", "PictureBox Controlador\PictureBox Controlador.csproj", "{F81DEFCF-ED16-43ED-BF03-1B22DF328411}"
EndProject
Global
	GlobalSection(SolutionConfigurationPlatforms) = preSolution
		Debug|Any CPU = Debug|Any CPU
		Release|Any CPU = Release|Any CPU
	EndGlobalSection
	GlobalSection(ProjectConfigurationPlatforms) = postSolution
		{F81DEFCF-ED16-43ED-BF03-1B22DF328411}.Debug|Any CPU.ActiveCfg = Debug|Any CPU
		{F81DEFCF-ED16-43ED-BF03-1B22DF328411}.Debug|Any CPU.Build.0 = Debug|Any CPU
		{F81DEFCF-ED16-43ED-BF03-1B22DF328411}.Release|Any CPU.ActiveCfg = Release|Any CPU
		{F81DEFCF-ED16-43ED-BF03-1B22DF328411}.Release|Any CPU.Build.0 = Release|Any CPU
	EndGlobalSection
	GlobalSection(SolutionProperties) = preSolution
		HideSolutionNode = FALSE
	EndGlobalSection
	GlobalSection(ExtensibilityGlobals) = postSolution
		SolutionGuid = {4E0DBF1D-4BEC-4C18-995A-B5207F387FE5}
	EndGlobalSection
EndGlobal
