
Microsoft Visual Studio Solution File, Format Version 12.00
# Visual Studio Version 17
VisualStudioVersion = 17.2.32516.85
MinimumVisualStudioVersion = 10.0.40219.1
Project("{FAE04EC0-301F-11D3-BF4B-00C04F79EFBC}") = "Propiedades de Datos Int", "Propiedades de Datos Int\Propiedades de Datos Int.csproj", "{0F6F63B1-76EA-4F6E-98A9-73371BE16736}"
EndProject
Global
	GlobalSection(SolutionConfigurationPlatforms) = preSolution
		Debug|Any CPU = Debug|Any CPU
		Release|Any CPU = Release|Any CPU
	EndGlobalSection
	GlobalSection(ProjectConfigurationPlatforms) = postSolution
		{0F6F63B1-76EA-4F6E-98A9-73371BE16736}.Debug|Any CPU.ActiveCfg = Debug|Any CPU
		{0F6F63B1-76EA-4F6E-98A9-73371BE16736}.Debug|Any CPU.Build.0 = Debug|Any CPU
		{0F6F63B1-76EA-4F6E-98A9-73371BE16736}.Release|Any CPU.ActiveCfg = Release|Any CPU
		{0F6F63B1-76EA-4F6E-98A9-73371BE16736}.Release|Any CPU.Build.0 = Release|Any CPU
	EndGlobalSection
	GlobalSection(SolutionProperties) = preSolution
		HideSolutionNode = FALSE
	EndGlobalSection
	GlobalSection(ExtensibilityGlobals) = postSolution
		SolutionGuid = {D6D0F2D2-E91F-4555-813C-D38CA20B2C2E}
	EndGlobalSection
EndGlobal
