
Microsoft Visual Studio Solution File, Format Version 12.00
# Visual Studio Version 17
VisualStudioVersion = 17.3.32819.101
MinimumVisualStudioVersion = 10.0.40219.1
Project("{FAE04EC0-301F-11D3-BF4B-00C04F79EFBC}") = "Descuento de Precio", "Descuento de Precio\Descuento de Precio.csproj", "{430368D1-CE82-4BB6-9B45-D47937A92F5A}"
EndProject
Global
	GlobalSection(SolutionConfigurationPlatforms) = preSolution
		Debug|Any CPU = Debug|Any CPU
		Release|Any CPU = Release|Any CPU
	EndGlobalSection
	GlobalSection(ProjectConfigurationPlatforms) = postSolution
		{430368D1-CE82-4BB6-9B45-D47937A92F5A}.Debug|Any CPU.ActiveCfg = Debug|Any CPU
		{430368D1-CE82-4BB6-9B45-D47937A92F5A}.Debug|Any CPU.Build.0 = Debug|Any CPU
		{430368D1-CE82-4BB6-9B45-D47937A92F5A}.Release|Any CPU.ActiveCfg = Release|Any CPU
		{430368D1-CE82-4BB6-9B45-D47937A92F5A}.Release|Any CPU.Build.0 = Release|Any CPU
	EndGlobalSection
	GlobalSection(SolutionProperties) = preSolution
		HideSolutionNode = FALSE
	EndGlobalSection
	GlobalSection(ExtensibilityGlobals) = postSolution
		SolutionGuid = {BDEA482E-6505-4C0F-AD9E-D52D14D516F1}
	EndGlobalSection
EndGlobal
