
Microsoft Visual Studio Solution File, Format Version 12.00
# Visual Studio Version 17
VisualStudioVersion = 17.3.32819.101
MinimumVisualStudioVersion = 10.0.40219.1
Project("{FAE04EC0-301F-11D3-BF4B-00C04F79EFBC}") = "Controladores en Form", "Controladores en Form\Controladores en Form.csproj", "{529D716E-09A2-44AE-AC67-701EF7F977A1}"
EndProject
Global
	GlobalSection(SolutionConfigurationPlatforms) = preSolution
		Debug|Any CPU = Debug|Any CPU
		Release|Any CPU = Release|Any CPU
	EndGlobalSection
	GlobalSection(ProjectConfigurationPlatforms) = postSolution
		{529D716E-09A2-44AE-AC67-701EF7F977A1}.Debug|Any CPU.ActiveCfg = Debug|Any CPU
		{529D716E-09A2-44AE-AC67-701EF7F977A1}.Debug|Any CPU.Build.0 = Debug|Any CPU
		{529D716E-09A2-44AE-AC67-701EF7F977A1}.Release|Any CPU.ActiveCfg = Release|Any CPU
		{529D716E-09A2-44AE-AC67-701EF7F977A1}.Release|Any CPU.Build.0 = Release|Any CPU
	EndGlobalSection
	GlobalSection(SolutionProperties) = preSolution
		HideSolutionNode = FALSE
	EndGlobalSection
	GlobalSection(ExtensibilityGlobals) = postSolution
		SolutionGuid = {68B1B5A1-814C-42CB-B3C3-15D7488D606D}
	EndGlobalSection
EndGlobal
