
Microsoft Visual Studio Solution File, Format Version 12.00
# Visual Studio Version 17
VisualStudioVersion = 17.3.32929.385
MinimumVisualStudioVersion = 10.0.40219.1
Project("{FAE04EC0-301F-11D3-BF4B-00C04F79EFBC}") = "LinQ Where", "LinQ Where\LinQ Where.csproj", "{DC2EFAAA-039F-4F8E-B9D9-15D550E978F4}"
EndProject
Project("{FAE04EC0-301F-11D3-BF4B-00C04F79EFBC}") = "LinQ fuente Array", "LinQ fuente Array\LinQ fuente Array.csproj", "{387E4AD7-4349-49AC-A7BC-84C3326292C3}"
EndProject
Project("{FAE04EC0-301F-11D3-BF4B-00C04F79EFBC}") = "LinQ List Where", "LinQ List Where\LinQ List Where.csproj", "{35BD5C10-9A60-478B-A499-57B86D21E015}"
EndProject
Global
	GlobalSection(SolutionConfigurationPlatforms) = preSolution
		Debug|Any CPU = Debug|Any CPU
		Release|Any CPU = Release|Any CPU
	EndGlobalSection
	GlobalSection(ProjectConfigurationPlatforms) = postSolution
		{DC2EFAAA-039F-4F8E-B9D9-15D550E978F4}.Debug|Any CPU.ActiveCfg = Debug|Any CPU
		{DC2EFAAA-039F-4F8E-B9D9-15D550E978F4}.Debug|Any CPU.Build.0 = Debug|Any CPU
		{DC2EFAAA-039F-4F8E-B9D9-15D550E978F4}.Release|Any CPU.ActiveCfg = Release|Any CPU
		{DC2EFAAA-039F-4F8E-B9D9-15D550E978F4}.Release|Any CPU.Build.0 = Release|Any CPU
		{387E4AD7-4349-49AC-A7BC-84C3326292C3}.Debug|Any CPU.ActiveCfg = Debug|Any CPU
		{387E4AD7-4349-49AC-A7BC-84C3326292C3}.Debug|Any CPU.Build.0 = Debug|Any CPU
		{387E4AD7-4349-49AC-A7BC-84C3326292C3}.Release|Any CPU.ActiveCfg = Release|Any CPU
		{387E4AD7-4349-49AC-A7BC-84C3326292C3}.Release|Any CPU.Build.0 = Release|Any CPU
		{35BD5C10-9A60-478B-A499-57B86D21E015}.Debug|Any CPU.ActiveCfg = Debug|Any CPU
		{35BD5C10-9A60-478B-A499-57B86D21E015}.Debug|Any CPU.Build.0 = Debug|Any CPU
		{35BD5C10-9A60-478B-A499-57B86D21E015}.Release|Any CPU.ActiveCfg = Release|Any CPU
		{35BD5C10-9A60-478B-A499-57B86D21E015}.Release|Any CPU.Build.0 = Release|Any CPU
	EndGlobalSection
	GlobalSection(SolutionProperties) = preSolution
		HideSolutionNode = FALSE
	EndGlobalSection
	GlobalSection(ExtensibilityGlobals) = postSolution
		SolutionGuid = {2BC020E4-C3D4-4B1F-8C65-00D05BEEB370}
	EndGlobalSection
EndGlobal
