
Microsoft Visual Studio Solution File, Format Version 12.00
# Visual Studio Version 17
VisualStudioVersion = 17.2.32516.85
MinimumVisualStudioVersion = 10.0.40219.1
Project("{FAE04EC0-301F-11D3-BF4B-00C04F79EFBC}") = "SobreEscritura de metodos", "SobreEscritura de metodos\SobreEscritura de metodos.csproj", "{7C7A1E53-DAAA-4A2B-8869-AE4DD81313AD}"
EndProject
Global
	GlobalSection(SolutionConfigurationPlatforms) = preSolution
		Debug|Any CPU = Debug|Any CPU
		Release|Any CPU = Release|Any CPU
	EndGlobalSection
	GlobalSection(ProjectConfigurationPlatforms) = postSolution
		{7C7A1E53-DAAA-4A2B-8869-AE4DD81313AD}.Debug|Any CPU.ActiveCfg = Debug|Any CPU
		{7C7A1E53-DAAA-4A2B-8869-AE4DD81313AD}.Debug|Any CPU.Build.0 = Debug|Any CPU
		{7C7A1E53-DAAA-4A2B-8869-AE4DD81313AD}.Release|Any CPU.ActiveCfg = Release|Any CPU
		{7C7A1E53-DAAA-4A2B-8869-AE4DD81313AD}.Release|Any CPU.Build.0 = Release|Any CPU
	EndGlobalSection
	GlobalSection(SolutionProperties) = preSolution
		HideSolutionNode = FALSE
	EndGlobalSection
	GlobalSection(ExtensibilityGlobals) = postSolution
		SolutionGuid = {E049C5B1-7A8E-469D-B3C3-398553CC0E4F}
	EndGlobalSection
EndGlobal
