
Microsoft Visual Studio Solution File, Format Version 12.00
# Visual Studio Version 17
VisualStudioVersion = 17.2.32516.85
MinimumVisualStudioVersion = 10.0.40219.1
Project("{FAE04EC0-301F-11D3-BF4B-00C04F79EFBC}") = "Ejercicio1POO", "Ejercicio1POO\Ejercicio1POO.csproj", "{BB1D24DD-4D31-48C1-98C0-510C83F0972B}"
EndProject
Global
	GlobalSection(SolutionConfigurationPlatforms) = preSolution
		Debug|Any CPU = Debug|Any CPU
		Release|Any CPU = Release|Any CPU
	EndGlobalSection
	GlobalSection(ProjectConfigurationPlatforms) = postSolution
		{BB1D24DD-4D31-48C1-98C0-510C83F0972B}.Debug|Any CPU.ActiveCfg = Debug|Any CPU
		{BB1D24DD-4D31-48C1-98C0-510C83F0972B}.Debug|Any CPU.Build.0 = Debug|Any CPU
		{BB1D24DD-4D31-48C1-98C0-510C83F0972B}.Release|Any CPU.ActiveCfg = Release|Any CPU
		{BB1D24DD-4D31-48C1-98C0-510C83F0972B}.Release|Any CPU.Build.0 = Release|Any CPU
	EndGlobalSection
	GlobalSection(SolutionProperties) = preSolution
		HideSolutionNode = FALSE
	EndGlobalSection
	GlobalSection(ExtensibilityGlobals) = postSolution
		SolutionGuid = {8C765526-E644-4894-A41E-6E14C16B79E6}
	EndGlobalSection
EndGlobal
